
Microsoft Visual Studio Solution File, Format Version 12.00
# Visual Studio 15
VisualStudioVersion = 15.0.27703.2035
MinimumVisualStudioVersion = 10.0.40219.1
Project("{FAE04EC0-301F-11D3-BF4B-00C04F79EFBC}") = "XFilter", "XFilter\XFilter.csproj", "{B7ED1A8B-1ABE-45DE-970D-FDE6099471CF}"
EndProject
Project("{FAE04EC0-301F-11D3-BF4B-00C04F79EFBC}") = "XFilter.Tests", "XFilter.Tests\XFilter.Tests.csproj", "{55C976E3-1869-4A03-B57D-6E6093F2FE18}"
EndProject
Global
	GlobalSection(SolutionConfigurationPlatforms) = preSolution
		Debug|Any CPU = Debug|Any CPU
		Release|Any CPU = Release|Any CPU
	EndGlobalSection
	GlobalSection(ProjectConfigurationPlatforms) = postSolution
		{B7ED1A8B-1ABE-45DE-970D-FDE6099471CF}.Debug|Any CPU.ActiveCfg = Debug|Any CPU
		{B7ED1A8B-1ABE-45DE-970D-FDE6099471CF}.Debug|Any CPU.Build.0 = Debug|Any CPU
		{B7ED1A8B-1ABE-45DE-970D-FDE6099471CF}.Release|Any CPU.ActiveCfg = Release|Any CPU
		{B7ED1A8B-1ABE-45DE-970D-FDE6099471CF}.Release|Any CPU.Build.0 = Release|Any CPU
		{55C976E3-1869-4A03-B57D-6E6093F2FE18}.Debug|Any CPU.ActiveCfg = Debug|Any CPU
		{55C976E3-1869-4A03-B57D-6E6093F2FE18}.Debug|Any CPU.Build.0 = Debug|Any CPU
		{55C976E3-1869-4A03-B57D-6E6093F2FE18}.Release|Any CPU.ActiveCfg = Release|Any CPU
		{55C976E3-1869-4A03-B57D-6E6093F2FE18}.Release|Any CPU.Build.0 = Release|Any CPU
	EndGlobalSection
	GlobalSection(SolutionProperties) = preSolution
		HideSolutionNode = FALSE
	EndGlobalSection
	GlobalSection(ExtensibilityGlobals) = postSolution
		SolutionGuid = {49AFD940-A744-45D6-83CE-C14B86C3D428}
	EndGlobalSection
EndGlobal
